// !$*UTF8*$!
{
	archiveVersion = 1;
	classes = {
	};
	objectVersion = 50;
	objects = {

/* Begin PBXBuildFile section */
		1A47E46B2193F00D003279BE /* AppDelegate.m in Sources */ = {isa = PBXBuildFile; fileRef = 1A47E46A2193F00D003279BE /* AppDelegate.m */; };
		1A47E46E2193F00D003279BE /* ViewController.m in Sources */ = {isa = PBXBuildFile; fileRef = 1A47E46D2193F00D003279BE /* ViewController.m */; };
		1A47E4712193F00D003279BE /* Main.storyboard in Resources */ = {isa = PBXBuildFile; fileRef = 1A47E46F2193F00D003279BE /* Main.storyboard */; };
		1A47E4732193F00E003279BE /* Assets.xcassets in Resources */ = {isa = PBXBuildFile; fileRef = 1A47E4722193F00E003279BE /* Assets.xcassets */; };
		1A47E4762193F00E003279BE /* LaunchScreen.storyboard in Resources */ = {isa = PBXBuildFile; fileRef = 1A47E4742193F00E003279BE /* LaunchScreen.storyboard */; };
		1A47E4792193F00E003279BE /* main.m in Sources */ = {isa = PBXBuildFile; fileRef = 1A47E4782193F00E003279BE /* main.m */; };
		1A47E4832193F00E003279BE /* ObservableObjectiveCTests.m in Sources */ = {isa = PBXBuildFile; fileRef = 1A47E4822193F00E003279BE /* ObservableObjectiveCTests.m */; };
		1A47E48E2193F00E003279BE /* ObservableObjectiveCUITests.m in Sources */ = {isa = PBXBuildFile; fileRef = 1A47E48D2193F00E003279BE /* ObservableObjectiveCUITests.m */; };
		1A47E4A72193F060003279BE /* ObservableObject.m in Sources */ = {isa = PBXBuildFile; fileRef = 1A47E4A52193F060003279BE /* ObservableObject.m */; };
/* End PBXBuildFile section */

/* Begin PBXContainerItemProxy section */
		1A47E47F2193F00E003279BE /* PBXContainerItemProxy */ = {
			isa = PBXContainerItemProxy;
			containerPortal = 1A47E45E2193F00D003279BE /* Project object */;
			proxyType = 1;
			remoteGlobalIDString = 1A47E4652193F00D003279BE;
			remoteInfo = ObservableObjectiveC;
		};
		1A47E48A2193F00E003279BE /* PBXContainerItemProxy */ = {
			isa = PBXContainerItemProxy;
			containerPortal = 1A47E45E2193F00D003279BE /* Project object */;
			proxyType = 1;
			remoteGlobalIDString = 1A47E4652193F00D003279BE;
			remoteInfo = ObservableObjectiveC;
		};
/* End PBXContainerItemProxy section */

/* Begin PBXFileReference section */
		1A47E4662193F00D003279BE /* ObservableObjectiveC.app */ = {isa = PBXFileReference; explicitFileType = wrapper.application; includeInIndex = 0; path = ObservableObjectiveC.app; sourceTree = BUILT_PRODUCTS_DIR; };
		1A47E4692193F00D003279BE /* AppDelegate.h */ = {isa = PBXFileReference; lastKnownFileType = sourcecode.c.h; path = AppDelegate.h; sourceTree = "<group>"; };
		1A47E46A2193F00D003279BE /* AppDelegate.m */ = {isa = PBXFileReference; lastKnownFileType = sourcecode.c.objc; path = AppDelegate.m; sourceTree = "<group>"; };
		1A47E46C2193F00D003279BE /* ViewController.h */ = {isa = PBXFileReference; lastKnownFileType = sourcecode.c.h; path = ViewController.h; sourceTree = "<group>"; };
		1A47E46D2193F00D003279BE /* ViewController.m */ = {isa = PBXFileReference; lastKnownFileType = sourcecode.c.objc; path = ViewController.m; sourceTree = "<group>"; };
		1A47E4702193F00D003279BE /* Base */ = {isa = PBXFileReference; lastKnownFileType = file.storyboard; name = Base; path = Base.lproj/Main.storyboard; sourceTree = "<group>"; };
		1A47E4722193F00E003279BE /* Assets.xcassets */ = {isa = PBXFileReference; lastKnownFileType = folder.assetcatalog; path = Assets.xcassets; sourceTree = "<group>"; };
		1A47E4752193F00E003279BE /* Base */ = {isa = PBXFileReference; lastKnownFileType = file.storyboard; name = Base; path = Base.lproj/LaunchScreen.storyboard; sourceTree = "<group>"; };
		1A47E4772193F00E003279BE /* Info.plist */ = {isa = PBXFileReference; lastKnownFileType = text.plist.xml; path = Info.plist; sourceTree = "<group>"; };
		1A47E4782193F00E003279BE /* main.m */ = {isa = PBXFileReference; lastKnownFileType = sourcecode.c.objc; path = main.m; sourceTree = "<group>"; };
		1A47E47E2193F00E003279BE /* ObservableObjectiveCTests.xctest */ = {isa = PBXFileReference; explicitFileType = wrapper.cfbundle; includeInIndex = 0; path = ObservableObjectiveCTests.xctest; sourceTree = BUILT_PRODUCTS_DIR; };
		1A47E4822193F00E003279BE /* ObservableObjectiveCTests.m */ = {isa = PBXFileReference; lastKnownFileType = sourcecode.c.objc; path = ObservableObjectiveCTests.m; sourceTree = "<group>"; };
		1A47E4842193F00E003279BE /* Info.plist */ = {isa = PBXFileReference; lastKnownFileType = text.plist.xml; path = Info.plist; sourceTree = "<group>"; };
		1A47E4892193F00E003279BE /* ObservableObjectiveCUITests.xctest */ = {isa = PBXFileReference; explicitFileType = wrapper.cfbundle; includeInIndex = 0; path = ObservableObjectiveCUITests.xctest; sourceTree = BUILT_PRODUCTS_DIR; };
		1A47E48D2193F00E003279BE /* ObservableObjectiveCUITests.m */ = {isa = PBXFileReference; lastKnownFileType = sourcecode.c.objc; path = ObservableObjectiveCUITests.m; sourceTree = "<group>"; };
		1A47E48F2193F00E003279BE /* Info.plist */ = {isa = PBXFileReference; lastKnownFileType = text.plist.xml; path = Info.plist; sourceTree = "<group>"; };
		1A47E4A42193F05F003279BE /* ObservableObject+Private.h */ = {isa = PBXFileReference; fileEncoding = 4; lastKnownFileType = sourcecode.c.h; path = "ObservableObject+Private.h"; sourceTree = "<group>"; };
		1A47E4A52193F060003279BE /* ObservableObject.m */ = {isa = PBXFileReference; fileEncoding = 4; lastKnownFileType = sourcecode.c.objc; path = ObservableObject.m; sourceTree = "<group>"; };
		1A47E4A62193F060003279BE /* ObservableObject.h */ = {isa = PBXFileReference; fileEncoding = 4; lastKnownFileType = sourcecode.c.h; path = ObservableObject.h; sourceTree = "<group>"; };
/* End PBXFileReference section */

/* Begin PBXFrameworksBuildPhase section */
		1A47E4632193F00D003279BE /* Frameworks */ = {
			isa = PBXFrameworksBuildPhase;
			buildActionMask = 2147483647;
			files = (
			);
			runOnlyForDeploymentPostprocessing = 0;
		};
		1A47E47B2193F00E003279BE /* Frameworks */ = {
			isa = PBXFrameworksBuildPhase;
			buildActionMask = 2147483647;
			files = (
			);
			runOnlyForDeploymentPostprocessing = 0;
		};
		1A47E4862193F00E003279BE /* Frameworks */ = {
			isa = PBXFrameworksBuildPhase;
			buildActionMask = 2147483647;
			files = (
			);
			runOnlyForDeploymentPostprocessing = 0;
		};
/* End PBXFrameworksBuildPhase section */

/* Begin PBXGroup section */
		1A47E45D2193F00D003279BE = {
			isa = PBXGroup;
			children = (
				1A47E4682193F00D003279BE /* ObservableObjectiveC */,
				1A47E4812193F00E003279BE /* ObservableObjectiveCTests */,
				1A47E48C2193F00E003279BE /* ObservableObjectiveCUITests */,
				1A47E4672193F00D003279BE /* Products */,
			);
			sourceTree = "<group>";
		};
		1A47E4672193F00D003279BE /* Products */ = {
			isa = PBXGroup;
			children = (
				1A47E4662193F00D003279BE /* ObservableObjectiveC.app */,
				1A47E47E2193F00E003279BE /* ObservableObjectiveCTests.xctest */,
				1A47E4892193F00E003279BE /* ObservableObjectiveCUITests.xctest */,
			);
			name = Products;
			sourceTree = "<group>";
		};
		1A47E4682193F00D003279BE /* ObservableObjectiveC */ = {
			isa = PBXGroup;
			children = (
				1A47E49B2193F018003279BE /* ObservableObject */,
				1A47E4692193F00D003279BE /* AppDelegate.h */,
				1A47E46A2193F00D003279BE /* AppDelegate.m */,
				1A47E46C2193F00D003279BE /* ViewController.h */,
				1A47E46D2193F00D003279BE /* ViewController.m */,
				1A47E46F2193F00D003279BE /* Main.storyboard */,
				1A47E4722193F00E003279BE /* Assets.xcassets */,
				1A47E4742193F00E003279BE /* LaunchScreen.storyboard */,
				1A47E4772193F00E003279BE /* Info.plist */,
				1A47E4782193F00E003279BE /* main.m */,
			);
			path = ObservableObjectiveC;
			sourceTree = "<group>";
		};
		1A47E4812193F00E003279BE /* ObservableObjectiveCTests */ = {
			isa = PBXGroup;
			children = (
				1A47E4822193F00E003279BE /* ObservableObjectiveCTests.m */,
				1A47E4842193F00E003279BE /* Info.plist */,
			);
			path = ObservableObjectiveCTests;
			sourceTree = "<group>";
		};
		1A47E48C2193F00E003279BE /* ObservableObjectiveCUITests */ = {
			isa = PBXGroup;
			children = (
				1A47E48D2193F00E003279BE /* ObservableObjectiveCUITests.m */,
				1A47E48F2193F00E003279BE /* Info.plist */,
			);
			path = ObservableObjectiveCUITests;
			sourceTree = "<group>";
		};
		1A47E49B2193F018003279BE /* ObservableObject */ = {
			isa = PBXGroup;
			children = (
				1A47E4A62193F060003279BE /* ObservableObject.h */,
				1A47E4A52193F060003279BE /* ObservableObject.m */,
				1A47E4A42193F05F003279BE /* ObservableObject+Private.h */,
			);
			path = ObservableObject;
			sourceTree = "<group>";
		};
/* End PBXGroup section */

/* Begin PBXNativeTarget section */
		1A47E4652193F00D003279BE /* ObservableObjectiveC */ = {
			isa = PBXNativeTarget;
			buildConfigurationList = 1A47E4922193F00E003279BE /* Build configuration list for PBXNativeTarget "ObservableObjectiveC" */;
			buildPhases = (
				1A47E4622193F00D003279BE /* Sources */,
				1A47E4632193F00D003279BE /* Frameworks */,
				1A47E4642193F00D003279BE /* Resources */,
			);
			buildRules = (
			);
			dependencies = (
			);
			name = ObservableObjectiveC;
			productName = ObservableObjectiveC;
			productReference = 1A47E4662193F00D003279BE /* ObservableObjectiveC.app */;
			productType = "com.apple.product-type.application";
		};
		1A47E47D2193F00E003279BE /* ObservableObjectiveCTests */ = {
			isa = PBXNativeTarget;
			buildConfigurationList = 1A47E4952193F00E003279BE /* Build configuration list for PBXNativeTarget "ObservableObjectiveCTests" */;
			buildPhases = (
				1A47E47A2193F00E003279BE /* Sources */,
				1A47E47B2193F00E003279BE /* Frameworks */,
				1A47E47C2193F00E003279BE /* Resources */,
			);
			buildRules = (
			);
			dependencies = (
				1A47E4802193F00E003279BE /* PBXTargetDependency */,
			);
			name = ObservableObjectiveCTests;
			productName = ObservableObjectiveCTests;
			productReference = 1A47E47E2193F00E003279BE /* ObservableObjectiveCTests.xctest */;
			productType = "com.apple.product-type.bundle.unit-test";
		};
		1A47E4882193F00E003279BE /* ObservableObjectiveCUITests */ = {
			isa = PBXNativeTarget;
			buildConfigurationList = 1A47E4982193F00E003279BE /* Build configuration list for PBXNativeTarget "ObservableObjectiveCUITests" */;
			buildPhases = (
				1A47E4852193F00E003279BE /* Sources */,
				1A47E4862193F00E003279BE /* Frameworks */,
				1A47E4872193F00E003279BE /* Resources */,
			);
			buildRules = (
			);
			dependencies = (
				1A47E48B2193F00E003279BE /* PBXTargetDependency */,
			);
			name = ObservableObjectiveCUITests;
			productName = ObservableObjectiveCUITests;
			productReference = 1A47E4892193F00E003279BE /* ObservableObjectiveCUITests.xctest */;
			productType = "com.apple.product-type.bundle.ui-testing";
		};
/* End PBXNativeTarget section */

/* Begin PBXProject section */
		1A47E45E2193F00D003279BE /* Project object */ = {
			isa = PBXProject;
			attributes = {
				LastUpgradeCheck = 1000;
				ORGANIZATIONNAME = "Tung Nguyen";
				TargetAttributes = {
					1A47E4652193F00D003279BE = {
						CreatedOnToolsVersion = 10.0;
					};
					1A47E47D2193F00E003279BE = {
						CreatedOnToolsVersion = 10.0;
						TestTargetID = 1A47E4652193F00D003279BE;
					};
					1A47E4882193F00E003279BE = {
						CreatedOnToolsVersion = 10.0;
						TestTargetID = 1A47E4652193F00D003279BE;
					};
				};
			};
			buildConfigurationList = 1A47E4612193F00D003279BE /* Build configuration list for PBXProject "ObservableObjectiveC" */;
			compatibilityVersion = "Xcode 9.3";
			developmentRegion = en;
			hasScannedForEncodings = 0;
			knownRegions = (
				en,
				Base,
			);
			mainGroup = 1A47E45D2193F00D003279BE;
			productRefGroup = 1A47E4672193F00D003279BE /* Products */;
			projectDirPath = "";
			projectRoot = "";
			targets = (
				1A47E4652193F00D003279BE /* ObservableObjectiveC */,
				1A47E47D2193F00E003279BE /* ObservableObjectiveCTests */,
				1A47E4882193F00E003279BE /* ObservableObjectiveCUITests */,
			);
		};
/* End PBXProject section */

/* Begin PBXResourcesBuildPhase section */
		1A47E4642193F00D003279BE /* Resources */ = {
			isa = PBXResourcesBuildPhase;
			buildActionMask = 2147483647;
			files = (
				1A47E4762193F00E003279BE /* LaunchScreen.storyboard in Resources */,
				1A47E4732193F00E003279BE /* Assets.xcassets in Resources */,
				1A47E4712193F00D003279BE /* Main.storyboard in Resources */,
			);
			runOnlyForDeploymentPostprocessing = 0;
		};
		1A47E47C2193F00E003279BE /* Resources */ = {
			isa = PBXResourcesBuildPhase;
			buildActionMask = 2147483647;
			files = (
			);
			runOnlyForDeploymentPostprocessing = 0;
		};
		1A47E4872193F00E003279BE /* Resources */ = {
			isa = PBXResourcesBuildPhase;
			buildActionMask = 2147483647;
			files = (
			);
			runOnlyForDeploymentPostprocessing = 0;
		};
/* End PBXResourcesBuildPhase section */

/* Begin PBXSourcesBuildPhase section */
		1A47E4622193F00D003279BE /* Sources */ = {
			isa = PBXSourcesBuildPhase;
			buildActionMask = 2147483647;
			files = (
				1A47E46E2193F00D003279BE /* ViewController.m in Sources */,
				1A47E4A72193F060003279BE /* ObservableObject.m in Sources */,
				1A47E4792193F00E003279BE /* main.m in Sources */,
				1A47E46B2193F00D003279BE /* AppDelegate.m in Sources */,
			);
			runOnlyForDeploymentPostprocessing = 0;
		};
		1A47E47A2193F00E003279BE /* Sources */ = {
			isa = PBXSourcesBuildPhase;
			buildActionMask = 2147483647;
			files = (
				1A47E4832193F00E003279BE /* ObservableObjectiveCTests.m in Sources */,
			);
			runOnlyForDeploymentPostprocessing = 0;
		};
		1A47E4852193F00E003279BE /* Sources */ = {
			isa = PBXSourcesBuildPhase;
			buildActionMask = 2147483647;
			files = (
				1A47E48E2193F00E003279BE /* ObservableObjectiveCUITests.m in Sources */,
			);
			runOnlyForDeploymentPostprocessing = 0;
		};
/* End PBXSourcesBuildPhase section */

/* Begin PBXTargetDependency section */
		1A47E4802193F00E003279BE /* PBXTargetDependency */ = {
			isa = PBXTargetDependency;
			target = 1A47E4652193F00D003279BE /* ObservableObjectiveC */;
			targetProxy = 1A47E47F2193F00E003279BE /* PBXContainerItemProxy */;
		};
		1A47E48B2193F00E003279BE /* PBXTargetDependency */ = {
			isa = PBXTargetDependency;
			target = 1A47E4652193F00D003279BE /* ObservableObjectiveC */;
			targetProxy = 1A47E48A2193F00E003279BE /* PBXContainerItemProxy */;
		};
/* End PBXTargetDependency section */

/* Begin PBXVariantGroup section */
		1A47E46F2193F00D003279BE /* Main.storyboard */ = {
			isa = PBXVariantGroup;
			children = (
				1A47E4702193F00D003279BE /* Base */,
			);
			name = Main.storyboard;
			sourceTree = "<group>";
		};
		1A47E4742193F00E003279BE /* LaunchScreen.storyboard */ = {
			isa = PBXVariantGroup;
			children = (
				1A47E4752193F00E003279BE /* Base */,
			);
			name = LaunchScreen.storyboard;
			sourceTree = "<group>";
		};
/* End PBXVariantGroup section */

/* Begin XCBuildConfiguration section */
		1A47E4902193F00E003279BE /* Debug */ = {
			isa = XCBuildConfiguration;
			buildSettings = {
				ALWAYS_SEARCH_USER_PATHS = NO;
				CLANG_ANALYZER_NONNULL = YES;
				CLANG_ANALYZER_NUMBER_OBJECT_CONVERSION = YES_AGGRESSIVE;
				CLANG_CXX_LANGUAGE_STANDARD = "gnu++14";
				CLANG_CXX_LIBRARY = "libc++";
				CLANG_ENABLE_MODULES = YES;
				CLANG_ENABLE_OBJC_ARC = YES;
				CLANG_ENABLE_OBJC_WEAK = YES;
				CLANG_WARN_BLOCK_CAPTURE_AUTORELEASING = YES;
				CLANG_WARN_BOOL_CONVERSION = YES;
				CLANG_WARN_COMMA = YES;
				CLANG_WARN_CONSTANT_CONVERSION = YES;
				CLANG_WARN_DEPRECATED_OBJC_IMPLEMENTATIONS = YES;
				CLANG_WARN_DIRECT_OBJC_ISA_USAGE = YES_ERROR;
				CLANG_WARN_DOCUMENTATION_COMMENTS = YES;
				CLANG_WARN_EMPTY_BODY = YES;
				CLANG_WARN_ENUM_CONVERSION = YES;
				CLANG_WARN_INFINITE_RECURSION = YES;
				CLANG_WARN_INT_CONVERSION = YES;
				CLANG_WARN_NON_LITERAL_NULL_CONVERSION = YES;
				CLANG_WARN_OBJC_IMPLICIT_RETAIN_SELF = YES;
				CLANG_WARN_OBJC_LITERAL_CONVERSION = YES;
				CLANG_WARN_OBJC_ROOT_CLASS = YES_ERROR;
				CLANG_WARN_RANGE_LOOP_ANALYSIS = YES;
				CLANG_WARN_STRICT_PROTOTYPES = YES;
				CLANG_WARN_SUSPICIOUS_MOVE = YES;
				CLANG_WARN_UNGUARDED_AVAILABILITY = YES_AGGRESSIVE;
				CLANG_WARN_UNREACHABLE_CODE = YES;
				CLANG_WARN__DUPLICATE_METHOD_MATCH = YES;
				CODE_SIGN_IDENTITY = "iPhone Developer";
				COPY_PHASE_STRIP = NO;
				DEBUG_INFORMATION_FORMAT = dwarf;
				ENABLE_STRICT_OBJC_MSGSEND = YES;
				ENABLE_TESTABILITY = YES;
				GCC_C_LANGUAGE_STANDARD = gnu11;
				GCC_DYNAMIC_NO_PIC = NO;
				GCC_NO_COMMON_BLOCKS = YES;
				GCC_OPTIMIZATION_LEVEL = 0;
				GCC_PREPROCESSOR_DEFINITIONS = (
					"DEBUG=1",
					"$(inherited)",
				);
				GCC_WARN_64_TO_32_BIT_CONVERSION = YES;
				GCC_WARN_ABOUT_RETURN_TYPE = YES_ERROR;
				GCC_WARN_UNDECLARED_SELECTOR = YES;
				GCC_WARN_UNINITIALIZED_AUTOS = YES_AGGRESSIVE;
				GCC_WARN_UNUSED_FUNCTION = YES;
				GCC_WARN_UNUSED_VARIABLE = YES;
				IPHONEOS_DEPLOYMENT_TARGET = 12.0;
				MTL_ENABLE_DEBUG_INFO = INCLUDE_SOURCE;
				MTL_FAST_MATH = YES;
				ONLY_ACTIVE_ARCH = YES;
				SDKROOT = iphoneos;
			};
			name = Debug;
		};
		1A47E4912193F00E003279BE /* Release */ = {
			isa = XCBuildConfiguration;
			buildSettings = {
				ALWAYS_SEARCH_USER_PATHS = NO;
				CLANG_ANALYZER_NONNULL = YES;
				CLANG_ANALYZER_NUMBER_OBJECT_CONVERSION = YES_AGGRESSIVE;
				CLANG_CXX_LANGUAGE_STANDARD = "gnu++14";
				CLANG_CXX_LIBRARY = "libc++";
				CLANG_ENABLE_MODULES = YES;
				CLANG_ENABLE_OBJC_ARC = YES;
				CLANG_ENABLE_OBJC_WEAK = YES;
				CLANG_WARN_BLOCK_CAPTURE_AUTORELEASING = YES;
				CLANG_WARN_BOOL_CONVERSION = YES;
				CLANG_WARN_COMMA = YES;
				CLANG_WARN_CONSTANT_CONVERSION = YES;
				CLANG_WARN_DEPRECATED_OBJC_IMPLEMENTATIONS = YES;
				CLANG_WARN_DIRECT_OBJC_ISA_USAGE = YES_ERROR;
				CLANG_WARN_DOCUMENTATION_COMMENTS = YES;
				CLANG_WARN_EMPTY_BODY = YES;
				CLANG_WARN_ENUM_CONVERSION = YES;
				CLANG_WARN_INFINITE_RECURSION = YES;
				CLANG_WARN_INT_CONVERSION = YES;
				CLANG_WARN_NON_LITERAL_NULL_CONVERSION = YES;
				CLANG_WARN_OBJC_IMPLICIT_RETAIN_SELF = YES;
				CLANG_WARN_OBJC_LITERAL_CONVERSION = YES;
				CLANG_WARN_OBJC_ROOT_CLASS = YES_ERROR;
				CLANG_WARN_RANGE_LOOP_ANALYSIS = YES;
				CLANG_WARN_STRICT_PROTOTYPES = YES;
				CLANG_WARN_SUSPICIOUS_MOVE = YES;
				CLANG_WARN_UNGUARDED_AVAILABILITY = YES_AGGRESSIVE;
				CLANG_WARN_UNREACHABLE_CODE = YES;
				CLANG_WARN__DUPLICATE_METHOD_MATCH = YES;
				CODE_SIGN_IDENTITY = "iPhone Developer";
				COPY_PHASE_STRIP = NO;
				DEBUG_INFORMATION_FORMAT = "dwarf-with-dsym";
				ENABLE_NS_ASSERTIONS = NO;
				ENABLE_STRICT_OBJC_MSGSEND = YES;
				GCC_C_LANGUAGE_STANDARD = gnu11;
				GCC_NO_COMMON_BLOCKS = YES;
				GCC_WARN_64_TO_32_BIT_CONVERSION = YES;
				GCC_WARN_ABOUT_RETURN_TYPE = YES_ERROR;
				GCC_WARN_UNDECLARED_SELECTOR = YES;
				GCC_WARN_UNINITIALIZED_AUTOS = YES_AGGRESSIVE;
				GCC_WARN_UNUSED_FUNCTION = YES;
				GCC_WARN_UNUSED_VARIABLE = YES;
				IPHONEOS_DEPLOYMENT_TARGET = 12.0;
				MTL_ENABLE_DEBUG_INFO = NO;
				MTL_FAST_MATH = YES;
				SDKROOT = iphoneos;
				VALIDATE_PRODUCT = YES;
			};
			name = Release;
		};
		1A47E4932193F00E003279BE /* Debug */ = {
			isa = XCBuildConfiguration;
			buildSettings = {
				ASSETCATALOG_COMPILER_APPICON_NAME = AppIcon;
				CODE_SIGN_STYLE = Automatic;
				DEVELOPMENT_TEAM = TX5SE2R2WN;
				INFOPLIST_FILE = ObservableObjectiveC/Info.plist;
				LD_RUNPATH_SEARCH_PATHS = (
					"$(inherited)",
					"@executable_path/Frameworks",
				);
				PRODUCT_BUNDLE_IDENTIFIER = com.fsoft.cme.ObservableObjectiveC;
				PRODUCT_NAME = "$(TARGET_NAME)";
				TARGETED_DEVICE_FAMILY = "1,2";
			};
			name = Debug;
		};
		1A47E4942193F00E003279BE /* Release */ = {
			isa = XCBuildConfiguration;
			buildSettings = {
				ASSETCATALOG_COMPILER_APPICON_NAME = AppIcon;
				CODE_SIGN_STYLE = Automatic;
				DEVELOPMENT_TEAM = TX5SE2R2WN;
				INFOPLIST_FILE = ObservableObjectiveC/Info.plist;
				LD_RUNPATH_SEARCH_PATHS = (
					"$(inherited)",
					"@executable_path/Frameworks",
				);
				PRODUCT_BUNDLE_IDENTIFIER = com.fsoft.cme.ObservableObjectiveC;
				PRODUCT_NAME = "$(TARGET_NAME)";
				TARGETED_DEVICE_FAMILY = "1,2";
			};
			name = Release;
		};
		1A47E4962193F00E003279BE /* Debug */ = {
			isa = XCBuildConfiguration;
			buildSettings = {
				BUNDLE_LOADER = "$(TEST_HOST)";
				CODE_SIGN_STYLE = Automatic;
				DEVELOPMENT_TEAM = TX5SE2R2WN;
				INFOPLIST_FILE = ObservableObjectiveCTests/Info.plist;
				LD_RUNPATH_SEARCH_PATHS = (
					"$(inherited)",
					"@executable_path/Frameworks",
					"@loader_path/Frameworks",
				);
				PRODUCT_BUNDLE_IDENTIFIER = com.fsoft.cme.ObservableObjectiveCTests;
				PRODUCT_NAME = "$(TARGET_NAME)";
				TARGETED_DEVICE_FAMILY = "1,2";
				TEST_HOST = "$(BUILT_PRODUCTS_DIR)/ObservableObjectiveC.app/ObservableObjectiveC";
			};
			name = Debug;
		};
		1A47E4972193F00E003279BE /* Release */ = {
			isa = XCBuildConfiguration;
			buildSettings = {
				BUNDLE_LOADER = "$(TEST_HOST)";
				CODE_SIGN_STYLE = Automatic;
				DEVELOPMENT_TEAM = TX5SE2R2WN;
				INFOPLIST_FILE = ObservableObjectiveCTests/Info.plist;
				LD_RUNPATH_SEARCH_PATHS = (
					"$(inherited)",
					"@executable_path/Frameworks",
					"@loader_path/Frameworks",
				);
				PRODUCT_BUNDLE_IDENTIFIER = com.fsoft.cme.ObservableObjectiveCTests;
				PRODUCT_NAME = "$(TARGET_NAME)";
				TARGETED_DEVICE_FAMILY = "1,2";
				TEST_HOST = "$(BUILT_PRODUCTS_DIR)/ObservableObjectiveC.app/ObservableObjectiveC";
			};
			name = Release;
		};
		1A47E4992193F00E003279BE /* Debug */ = {
			isa = XCBuildConfiguration;
			buildSettings = {
				CODE_SIGN_STYLE = Automatic;
				DEVELOPMENT_TEAM = TX5SE2R2WN;
				INFOPLIST_FILE = ObservableObjectiveCUITests/Info.plist;
				LD_RUNPATH_SEARCH_PATHS = (
					"$(inherited)",
					"@executable_path/Frameworks",
					"@loader_path/Frameworks",
				);
				PRODUCT_BUNDLE_IDENTIFIER = com.fsoft.cme.ObservableObjectiveCUITests;
				PRODUCT_NAME = "$(TARGET_NAME)";
				TARGETED_DEVICE_FAMILY = "1,2";
				TEST_TARGET_NAME = ObservableObjectiveC;
			};
			name = Debug;
		};
		1A47E49A2193F00E003279BE /* Release */ = {
			isa = XCBuildConfiguration;
			buildSettings = {
				CODE_SIGN_STYLE = Automatic;
				DEVELOPMENT_TEAM = TX5SE2R2WN;
				INFOPLIST_FILE = ObservableObjectiveCUITests/Info.plist;
				LD_RUNPATH_SEARCH_PATHS = (
					"$(inherited)",
					"@executable_path/Frameworks",
					"@loader_path/Frameworks",
				);
				PRODUCT_BUNDLE_IDENTIFIER = com.fsoft.cme.ObservableObjectiveCUITests;
				PRODUCT_NAME = "$(TARGET_NAME)";
				TARGETED_DEVICE_FAMILY = "1,2";
				TEST_TARGET_NAME = ObservableObjectiveC;
			};
			name = Release;
		};
/* End XCBuildConfiguration section */

/* Begin XCConfigurationList section */
		1A47E4612193F00D003279BE /* Build configuration list for PBXProject "ObservableObjectiveC" */ = {
			isa = XCConfigurationList;
			buildConfigurations = (
				1A47E4902193F00E003279BE /* Debug */,
				1A47E4912193F00E003279BE /* Release */,
			);
			defaultConfigurationIsVisible = 0;
			defaultConfigurationName = Release;
		};
		1A47E4922193F00E003279BE /* Build configuration list for PBXNativeTarget "ObservableObjectiveC" */ = {
			isa = XCConfigurationList;
			buildConfigurations = (
				1A47E4932193F00E003279BE /* Debug */,
				1A47E4942193F00E003279BE /* Release */,
			);
			defaultConfigurationIsVisible = 0;
			defaultConfigurationName = Release;
		};
		1A47E4952193F00E003279BE /* Build configuration list for PBXNativeTarget "ObservableObjectiveCTests" */ = {
			isa = XCConfigurationList;
			buildConfigurations = (
				1A47E4962193F00E003279BE /* Debug */,
				1A47E4972193F00E003279BE /* Release */,
			);
			defaultConfigurationIsVisible = 0;
			defaultConfigurationName = Release;
		};
		1A47E4982193F00E003279BE /* Build configuration list for PBXNativeTarget "ObservableObjectiveCUITests" */ = {
			isa = XCConfigurationList;
			buildConfigurations = (
				1A47E4992193F00E003279BE /* Debug */,
				1A47E49A2193F00E003279BE /* Release */,
			);
			defaultConfigurationIsVisible = 0;
			defaultConfigurationName = Release;
		};
/* End XCConfigurationList section */
	};
	rootObject = 1A47E45E2193F00D003279BE /* Project object */;
}
